// !$*UTF8*$!
{
	archiveVersion = 1;
	classes = {
	};
	objectVersion = 55;
	objects = {

/* Begin PBXBuildFile section */
		2C0E4DBE276B129700391CD1 /* AppDelegate.swift in Sources */ = {isa = PBXBuildFile; fileRef = 2C0E4DBD276B129700391CD1 /* AppDelegate.swift */; };
		2C0E4DC0276B129700391CD1 /* SceneDelegate.swift in Sources */ = {isa = PBXBuildFile; fileRef = 2C0E4DBF276B129700391CD1 /* SceneDelegate.swift */; };
		2C0E4DC2276B129700391CD1 /* ViewController.swift in Sources */ = {isa = PBXBuildFile; fileRef = 2C0E4DC1276B129700391CD1 /* ViewController.swift */; };
		2C0E4DC5276B129700391CD1 /* Main.storyboard in Resources */ = {isa = PBXBuildFile; fileRef = 2C0E4DC3276B129700391CD1 /* Main.storyboard */; };
		2C0E4DC7276B129900391CD1 /* Assets.xcassets in Resources */ = {isa = PBXBuildFile; fileRef = 2C0E4DC6276B129900391CD1 /* Assets.xcassets */; };
		2C0E4DCA276B129900391CD1 /* LaunchScreen.storyboard in Resources */ = {isa = PBXBuildFile; fileRef = 2C0E4DC8276B129900391CD1 /* LaunchScreen.storyboard */; };
		2C0E4DD5276B129900391CD1 /* BMI_CalculatorTests.swift in Sources */ = {isa = PBXBuildFile; fileRef = 2C0E4DD4276B129900391CD1 /* BMI_CalculatorTests.swift */; };
		2C0E4DDF276B129900391CD1 /* BMI_CalculatorUITests.swift in Sources */ = {isa = PBXBuildFile; fileRef = 2C0E4DDE276B129900391CD1 /* BMI_CalculatorUITests.swift */; };
		2C0E4DE1276B129900391CD1 /* BMI_CalculatorUITestsLaunchTests.swift in Sources */ = {isa = PBXBuildFile; fileRef = 2C0E4DE0276B129900391CD1 /* BMI_CalculatorUITestsLaunchTests.swift */; };
		2CD2CEC7276CD6FC009562FE /* SummaryViewController.swift in Sources */ = {isa = PBXBuildFile; fileRef = 2CD2CEC6276CD6FC009562FE /* SummaryViewController.swift */; };
		2CD2CEC9276CF864009562FE /* BMIRecord.swift in Sources */ = {isa = PBXBuildFile; fileRef = 2CD2CEC8276CF864009562FE /* BMIRecord.swift */; };
/* End PBXBuildFile section */

/* Begin PBXContainerItemProxy section */
		2C0E4DD1276B129900391CD1 /* PBXContainerItemProxy */ = {
			isa = PBXContainerItemProxy;
			containerPortal = 2C0E4DB2276B129700391CD1 /* Project object */;
			proxyType = 1;
			remoteGlobalIDString = 2C0E4DB9276B129700391CD1;
			remoteInfo = "BMI Calculator";
		};
		2C0E4DDB276B129900391CD1 /* PBXContainerItemProxy */ = {
			isa = PBXContainerItemProxy;
			containerPortal = 2C0E4DB2276B129700391CD1 /* Project object */;
			proxyType = 1;
			remoteGlobalIDString = 2C0E4DB9276B129700391CD1;
			remoteInfo = "BMI Calculator";
		};
/* End PBXContainerItemProxy section */

/* Begin PBXFileReference section */
		2C0E4DBA276B129700391CD1 /* BMI Calculator.app */ = {isa = PBXFileReference; explicitFileType = wrapper.application; includeInIndex = 0; path = "BMI Calculator.app"; sourceTree = BUILT_PRODUCTS_DIR; };
		2C0E4DBD276B129700391CD1 /* AppDelegate.swift */ = {isa = PBXFileReference; lastKnownFileType = sourcecode.swift; path = AppDelegate.swift; sourceTree = "<group>"; };
		2C0E4DBF276B129700391CD1 /* SceneDelegate.swift */ = {isa = PBXFileReference; lastKnownFileType = sourcecode.swift; path = SceneDelegate.swift; sourceTree = "<group>"; };
		2C0E4DC1276B129700391CD1 /* ViewController.swift */ = {isa = PBXFileReference; lastKnownFileType = sourcecode.swift; path = ViewController.swift; sourceTree = "<group>"; };
		2C0E4DC4276B129700391CD1 /* Base */ = {isa = PBXFileReference; lastKnownFileType = file.storyboard; name = Base; path = Base.lproj/Main.storyboard; sourceTree = "<group>"; };
		2C0E4DC6276B129900391CD1 /* Assets.xcassets */ = {isa = PBXFileReference; lastKnownFileType = folder.assetcatalog; path = Assets.xcassets; sourceTree = "<group>"; };
		2C0E4DC9276B129900391CD1 /* Base */ = {isa = PBXFileReference; lastKnownFileType = file.storyboard; name = Base; path = Base.lproj/LaunchScreen.storyboard; sourceTree = "<group>"; };
		2C0E4DCB276B129900391CD1 /* Info.plist */ = {isa = PBXFileReference; lastKnownFileType = text.plist.xml; path = Info.plist; sourceTree = "<group>"; };
		2C0E4DD0276B129900391CD1 /* BMI CalculatorTests.xctest */ = {isa = PBXFileReference; explicitFileType = wrapper.cfbundle; includeInIndex = 0; path = "BMI CalculatorTests.xctest"; sourceTree = BUILT_PRODUCTS_DIR; };
		2C0E4DD4276B129900391CD1 /* BMI_CalculatorTests.swift */ = {isa = PBXFileReference; lastKnownFileType = sourcecode.swift; path = BMI_CalculatorTests.swift; sourceTree = "<group>"; };
		2C0E4DDA276B129900391CD1 /* BMI CalculatorUITests.xctest */ = {isa = PBXFileReference; explicitFileType = wrapper.cfbundle; includeInIndex = 0; path = "BMI CalculatorUITests.xctest"; sourceTree = BUILT_PRODUCTS_DIR; };
		2C0E4DDE276B129900391CD1 /* BMI_CalculatorUITests.swift */ = {isa = PBXFileReference; lastKnownFileType = sourcecode.swift; path = BMI_CalculatorUITests.swift; sourceTree = "<group>"; };
		2C0E4DE0276B129900391CD1 /* BMI_CalculatorUITestsLaunchTests.swift */ = {isa = PBXFileReference; lastKnownFileType = sourcecode.swift; path = BMI_CalculatorUITestsLaunchTests.swift; sourceTree = "<group>"; };
		2CD2CEC6276CD6FC009562FE /* SummaryViewController.swift */ = {isa = PBXFileReference; lastKnownFileType = sourcecode.swift; path = SummaryViewController.swift; sourceTree = "<group>"; };
		2CD2CEC8276CF864009562FE /* BMIRecord.swift */ = {isa = PBXFileReference; lastKnownFileType = sourcecode.swift; path = BMIRecord.swift; sourceTree = "<group>"; };
/* End PBXFileReference section */

/* Begin PBXFrameworksBuildPhase section */
		2C0E4DB7276B129700391CD1 /* Frameworks */ = {
			isa = PBXFrameworksBuildPhase;
			buildActionMask = 2147483647;
			files = (
			);
			runOnlyForDeploymentPostprocessing = 0;
		};
		2C0E4DCD276B129900391CD1 /* Frameworks */ = {
			isa = PBXFrameworksBuildPhase;
			buildActionMask = 2147483647;
			files = (
			);
			runOnlyForDeploymentPostprocessing = 0;
		};
		2C0E4DD7276B129900391CD1 /* Frameworks */ = {
			isa = PBXFrameworksBuildPhase;
			buildActionMask = 2147483647;
			files = (
			);
			runOnlyForDeploymentPostprocessing = 0;
		};
/* End PBXFrameworksBuildPhase section */

/* Begin PBXGroup section */
		2C0E4DB1276B129700391CD1 = {
			isa = PBXGroup;
			children = (
				2C0E4DBC276B129700391CD1 /* BMI Calculator */,
				2C0E4DD3276B129900391CD1 /* BMI CalculatorTests */,
				2C0E4DDD276B129900391CD1 /* BMI CalculatorUITests */,
				2C0E4DBB276B129700391CD1 /* Products */,
			);
			sourceTree = "<group>";
		};
		2C0E4DBB276B129700391CD1 /* Products */ = {
			isa = PBXGroup;
			children = (
				2C0E4DBA276B129700391CD1 /* BMI Calculator.app */,
				2C0E4DD0276B129900391CD1 /* BMI CalculatorTests.xctest */,
				2C0E4DDA276B129900391CD1 /* BMI CalculatorUITests.xctest */,
			);
			name = Products;
			sourceTree = "<group>";
		};
		2C0E4DBC276B129700391CD1 /* BMI Calculator */ = {
			isa = PBXGroup;
			children = (
				2C0E4DBD276B129700391CD1 /* AppDelegate.swift */,
				2C0E4DBF276B129700391CD1 /* SceneDelegate.swift */,
				2C0E4DC1276B129700391CD1 /* ViewController.swift */,
				2C0E4DC3276B129700391CD1 /* Main.storyboard */,
				2C0E4DC6276B129900391CD1 /* Assets.xcassets */,
				2C0E4DC8276B129900391CD1 /* LaunchScreen.storyboard */,
				2C0E4DCB276B129900391CD1 /* Info.plist */,
				2CD2CEC6276CD6FC009562FE /* SummaryViewController.swift */,
				2CD2CEC8276CF864009562FE /* BMIRecord.swift */,
			);
			path = "BMI Calculator";
			sourceTree = "<group>";
		};
		2C0E4DD3276B129900391CD1 /* BMI CalculatorTests */ = {
			isa = PBXGroup;
			children = (
				2C0E4DD4276B129900391CD1 /* BMI_CalculatorTests.swift */,
			);
			path = "BMI CalculatorTests";
			sourceTree = "<group>";
		};
		2C0E4DDD276B129900391CD1 /* BMI CalculatorUITests */ = {
			isa = PBXGroup;
			children = (
				2C0E4DDE276B129900391CD1 /* BMI_CalculatorUITests.swift */,
				2C0E4DE0276B129900391CD1 /* BMI_CalculatorUITestsLaunchTests.swift */,
			);
			path = "BMI CalculatorUITests";
			sourceTree = "<group>";
		};
/* End PBXGroup section */

/* Begin PBXNativeTarget section */
		2C0E4DB9276B129700391CD1 /* BMI Calculator */ = {
			isa = PBXNativeTarget;
			buildConfigurationList = 2C0E4DE4276B129900391CD1 /* Build configuration list for PBXNativeTarget "BMI Calculator" */;
			buildPhases = (
				2C0E4DB6276B129700391CD1 /* Sources */,
				2C0E4DB7276B129700391CD1 /* Frameworks */,
				2C0E4DB8276B129700391CD1 /* Resources */,
			);
			buildRules = (
			);
			dependencies = (
			);
			name = "BMI Calculator";
			productName = "BMI Calculator";
			productReference = 2C0E4DBA276B129700391CD1 /* BMI Calculator.app */;
			productType = "com.apple.product-type.application";
		};
		2C0E4DCF276B129900391CD1 /* BMI CalculatorTests */ = {
			isa = PBXNativeTarget;
			buildConfigurationList = 2C0E4DE7276B129900391CD1 /* Build configuration list for PBXNativeTarget "BMI CalculatorTests" */;
			buildPhases = (
				2C0E4DCC276B129900391CD1 /* Sources */,
				2C0E4DCD276B129900391CD1 /* Frameworks */,
				2C0E4DCE276B129900391CD1 /* Resources */,
			);
			buildRules = (
			);
			dependencies = (
				2C0E4DD2276B129900391CD1 /* PBXTargetDependency */,
			);
			name = "BMI CalculatorTests";
			productName = "BMI CalculatorTests";
			productReference = 2C0E4DD0276B129900391CD1 /* BMI CalculatorTests.xctest */;
			productType = "com.apple.product-type.bundle.unit-test";
		};
		2C0E4DD9276B129900391CD1 /* BMI CalculatorUITests */ = {
			isa = PBXNativeTarget;
			buildConfigurationList = 2C0E4DEA276B129900391CD1 /* Build configuration list for PBXNativeTarget "BMI CalculatorUITests" */;
			buildPhases = (
				2C0E4DD6276B129900391CD1 /* Sources */,
				2C0E4DD7276B129900391CD1 /* Frameworks */,
				2C0E4DD8276B129900391CD1 /* Resources */,
			);
			buildRules = (
			);
			dependencies = (
				2C0E4DDC276B129900391CD1 /* PBXTargetDependency */,
			);
			name = "BMI CalculatorUITests";
			productName = "BMI CalculatorUITests";
			productReference = 2C0E4DDA276B129900391CD1 /* BMI CalculatorUITests.xctest */;
			productType = "com.apple.product-type.bundle.ui-testing";
		};
/* End PBXNativeTarget section */

/* Begin PBXProject section */
		2C0E4DB2276B129700391CD1 /* Project object */ = {
			isa = PBXProject;
			attributes = {
				BuildIndependentTargetsInParallel = 1;
				LastSwiftUpdateCheck = 1310;
				LastUpgradeCheck = 1310;
				TargetAttributes = {
					2C0E4DB9276B129700391CD1 = {
						CreatedOnToolsVersion = 13.1;
					};
					2C0E4DCF276B129900391CD1 = {
						CreatedOnToolsVersion = 13.1;
						TestTargetID = 2C0E4DB9276B129700391CD1;
					};
					2C0E4DD9276B129900391CD1 = {
						CreatedOnToolsVersion = 13.1;
						TestTargetID = 2C0E4DB9276B129700391CD1;
					};
				};
			};
			buildConfigurationList = 2C0E4DB5276B129700391CD1 /* Build configuration list for PBXProject "BMI Calculator" */;
			compatibilityVersion = "Xcode 13.0";
			developmentRegion = en;
			hasScannedForEncodings = 0;
			knownRegions = (
				en,
				Base,
			);
			mainGroup = 2C0E4DB1276B129700391CD1;
			productRefGroup = 2C0E4DBB276B129700391CD1 /* Products */;
			projectDirPath = "";
			projectRoot = "";
			targets = (
				2C0E4DB9276B129700391CD1 /* BMI Calculator */,
				2C0E4DCF276B129900391CD1 /* BMI CalculatorTests */,
				2C0E4DD9276B129900391CD1 /* BMI CalculatorUITests */,
			);
		};
/* End PBXProject section */

/* Begin PBXResourcesBuildPhase section */
		2C0E4DB8276B129700391CD1 /* Resources */ = {
			isa = PBXResourcesBuildPhase;
			buildActionMask = 2147483647;
			files = (
				2C0E4DCA276B129900391CD1 /* LaunchScreen.storyboard in Resources */,
				2C0E4DC7276B129900391CD1 /* Assets.xcassets in Resources */,
				2C0E4DC5276B129700391CD1 /* Main.storyboard in Resources */,
			);
			runOnlyForDeploymentPostprocessing = 0;
		};
		2C0E4DCE276B129900391CD1 /* Resources */ = {
			isa = PBXResourcesBuildPhase;
			buildActionMask = 2147483647;
			files = (
			);
			runOnlyForDeploymentPostprocessing = 0;
		};
		2C0E4DD8276B129900391CD1 /* Resources */ = {
			isa = PBXResourcesBuildPhase;
			buildActionMask = 2147483647;
			files = (
			);
			runOnlyForDeploymentPostprocessing = 0;
		};
/* End PBXResourcesBuildPhase section */

/* Begin PBXSourcesBuildPhase section */
		2C0E4DB6276B129700391CD1 /* Sources */ = {
			isa = PBXSourcesBuildPhase;
			buildActionMask = 2147483647;
			files = (
				2C0E4DC2276B129700391CD1 /* ViewController.swift in Sources */,
				2C0E4DBE276B129700391CD1 /* AppDelegate.swift in Sources */,
				2C0E4DC0276B129700391CD1 /* SceneDelegate.swift in Sources */,
				2CD2CEC7276CD6FC009562FE /* SummaryViewController.swift in Sources */,
				2CD2CEC9276CF864009562FE /* BMIRecord.swift in Sources */,
			);
			runOnlyForDeploymentPostprocessing = 0;
		};
		2C0E4DCC276B129900391CD1 /* Sources */ = {
			isa = PBXSourcesBuildPhase;
			buildActionMask = 2147483647;
			files = (
				2C0E4DD5276B129900391CD1 /* BMI_CalculatorTests.swift in Sources */,
			);
			runOnlyForDeploymentPostprocessing = 0;
		};
		2C0E4DD6276B129900391CD1 /* Sources */ = {
			isa = PBXSourcesBuildPhase;
			buildActionMask = 2147483647;
			files = (
				2C0E4DDF276B129900391CD1 /* BMI_CalculatorUITests.swift in Sources */,
				2C0E4DE1276B129900391CD1 /* BMI_CalculatorUITestsLaunchTests.swift in Sources */,
			);
			runOnlyForDeploymentPostprocessing = 0;
		};
/* End PBXSourcesBuildPhase section */

/* Begin PBXTargetDependency section */
		2C0E4DD2276B129900391CD1 /* PBXTargetDependency */ = {
			isa = PBXTargetDependency;
			target = 2C0E4DB9276B129700391CD1 /* BMI Calculator */;
			targetProxy = 2C0E4DD1276B129900391CD1 /* PBXContainerItemProxy */;
		};
		2C0E4DDC276B129900391CD1 /* PBXTargetDependency */ = {
			isa = PBXTargetDependency;
			target = 2C0E4DB9276B129700391CD1 /* BMI Calculator */;
			targetProxy = 2C0E4DDB276B129900391CD1 /* PBXContainerItemProxy */;
		};
/* End PBXTargetDependency section */

/* Begin PBXVariantGroup section */
		2C0E4DC3276B129700391CD1 /* Main.storyboard */ = {
			isa = PBXVariantGroup;
			children = (
				2C0E4DC4276B129700391CD1 /* Base */,
			);
			name = Main.storyboard;
			sourceTree = "<group>";
		};
		2C0E4DC8276B129900391CD1 /* LaunchScreen.storyboard */ = {
			isa = PBXVariantGroup;
			children = (
				2C0E4DC9276B129900391CD1 /* Base */,
			);
			name = LaunchScreen.storyboard;
			sourceTree = "<group>";
		};
/* End PBXVariantGroup section */

/* Begin XCBuildConfiguration section */
		2C0E4DE2276B129900391CD1 /* Debug */ = {
			isa = XCBuildConfiguration;
			buildSettings = {
				ALWAYS_SEARCH_USER_PATHS = NO;
				CLANG_ANALYZER_NONNULL = YES;
				CLANG_ANALYZER_NUMBER_OBJECT_CONVERSION = YES_AGGRESSIVE;
				CLANG_CXX_LANGUAGE_STANDARD = "gnu++17";
				CLANG_CXX_LIBRARY = "libc++";
				CLANG_ENABLE_MODULES = YES;
				CLANG_ENABLE_OBJC_ARC = YES;
				CLANG_ENABLE_OBJC_WEAK = YES;
				CLANG_WARN_BLOCK_CAPTURE_AUTORELEASING = YES;
				CLANG_WARN_BOOL_CONVERSION = YES;
				CLANG_WARN_COMMA = YES;
				CLANG_WARN_CONSTANT_CONVERSION = YES;
				CLANG_WARN_DEPRECATED_OBJC_IMPLEMENTATIONS = YES;
				CLANG_WARN_DIRECT_OBJC_ISA_USAGE = YES_ERROR;
				CLANG_WARN_DOCUMENTATION_COMMENTS = YES;
				CLANG_WARN_EMPTY_BODY = YES;
				CLANG_WARN_ENUM_CONVERSION = YES;
				CLANG_WARN_INFINITE_RECURSION = YES;
				CLANG_WARN_INT_CONVERSION = YES;
				CLANG_WARN_NON_LITERAL_NULL_CONVERSION = YES;
				CLANG_WARN_OBJC_IMPLICIT_RETAIN_SELF = YES;
				CLANG_WARN_OBJC_LITERAL_CONVERSION = YES;
				CLANG_WARN_OBJC_ROOT_CLASS = YES_ERROR;
				CLANG_WARN_QUOTED_INCLUDE_IN_FRAMEWORK_HEADER = YES;
				CLANG_WARN_RANGE_LOOP_ANALYSIS = YES;
				CLANG_WARN_STRICT_PROTOTYPES = YES;
				CLANG_WARN_SUSPICIOUS_MOVE = YES;
				CLANG_WARN_UNGUARDED_AVAILABILITY = YES_AGGRESSIVE;
				CLANG_WARN_UNREACHABLE_CODE = YES;
				CLANG_WARN__DUPLICATE_METHOD_MATCH = YES;
				COPY_PHASE_STRIP = NO;
				DEBUG_INFORMATION_FORMAT = dwarf;
				ENABLE_STRICT_OBJC_MSGSEND = YES;
				ENABLE_TESTABILITY = YES;
				GCC_C_LANGUAGE_STANDARD = gnu11;
				GCC_DYNAMIC_NO_PIC = NO;
				GCC_NO_COMMON_BLOCKS = YES;
				GCC_OPTIMIZATION_LEVEL = 0;
				GCC_PREPROCESSOR_DEFINITIONS = (
					"DEBUG=1",
					"$(inherited)",
				);
				GCC_WARN_64_TO_32_BIT_CONVERSION = YES;
				GCC_WARN_ABOUT_RETURN_TYPE = YES_ERROR;
				GCC_WARN_UNDECLARED_SELECTOR = YES;
				GCC_WARN_UNINITIALIZED_AUTOS = YES_AGGRESSIVE;
				GCC_WARN_UNUSED_FUNCTION = YES;
				GCC_WARN_UNUSED_VARIABLE = YES;
				IPHONEOS_DEPLOYMENT_TARGET = 15.0;
				MTL_ENABLE_DEBUG_INFO = INCLUDE_SOURCE;
				MTL_FAST_MATH = YES;
				ONLY_ACTIVE_ARCH = YES;
				SDKROOT = iphoneos;
				SWIFT_ACTIVE_COMPILATION_CONDITIONS = DEBUG;
				SWIFT_OPTIMIZATION_LEVEL = "-Onone";
			};
			name = Debug;
		};
		2C0E4DE3276B129900391CD1 /* Release */ = {
			isa = XCBuildConfiguration;
			buildSettings = {
				ALWAYS_SEARCH_USER_PATHS = NO;
				CLANG_ANALYZER_NONNULL = YES;
				CLANG_ANALYZER_NUMBER_OBJECT_CONVERSION = YES_AGGRESSIVE;
				CLANG_CXX_LANGUAGE_STANDARD = "gnu++17";
				CLANG_CXX_LIBRARY = "libc++";
				CLANG_ENABLE_MODULES = YES;
				CLANG_ENABLE_OBJC_ARC = YES;
				CLANG_ENABLE_OBJC_WEAK = YES;
				CLANG_WARN_BLOCK_CAPTURE_AUTORELEASING = YES;
				CLANG_WARN_BOOL_CONVERSION = YES;
				CLANG_WARN_COMMA = YES;
				CLANG_WARN_CONSTANT_CONVERSION = YES;
				CLANG_WARN_DEPRECATED_OBJC_IMPLEMENTATIONS = YES;
				CLANG_WARN_DIRECT_OBJC_ISA_USAGE = YES_ERROR;
				CLANG_WARN_DOCUMENTATION_COMMENTS = YES;
				CLANG_WARN_EMPTY_BODY = YES;
				CLANG_WARN_ENUM_CONVERSION = YES;
				CLANG_WARN_INFINITE_RECURSION = YES;
				CLANG_WARN_INT_CONVERSION = YES;
				CLANG_WARN_NON_LITERAL_NULL_CONVERSION = YES;
				CLANG_WARN_OBJC_IMPLICIT_RETAIN_SELF = YES;
				CLANG_WARN_OBJC_LITERAL_CONVERSION = YES;
				CLANG_WARN_OBJC_ROOT_CLASS = YES_ERROR;
				CLANG_WARN_QUOTED_INCLUDE_IN_FRAMEWORK_HEADER = YES;
				CLANG_WARN_RANGE_LOOP_ANALYSIS = YES;
				CLANG_WARN_STRICT_PROTOTYPES = YES;
				CLANG_WARN_SUSPICIOUS_MOVE = YES;
				CLANG_WARN_UNGUARDED_AVAILABILITY = YES_AGGRESSIVE;
				CLANG_WARN_UNREACHABLE_CODE = YES;
				CLANG_WARN__DUPLICATE_METHOD_MATCH = YES;
				COPY_PHASE_STRIP = NO;
				DEBUG_INFORMATION_FORMAT = "dwarf-with-dsym";
				ENABLE_NS_ASSERTIONS = NO;
				ENABLE_STRICT_OBJC_MSGSEND = YES;
				GCC_C_LANGUAGE_STANDARD = gnu11;
				GCC_NO_COMMON_BLOCKS = YES;
				GCC_WARN_64_TO_32_BIT_CONVERSION = YES;
				GCC_WARN_ABOUT_RETURN_TYPE = YES_ERROR;
				GCC_WARN_UNDECLARED_SELECTOR = YES;
				GCC_WARN_UNINITIALIZED_AUTOS = YES_AGGRESSIVE;
				GCC_WARN_UNUSED_FUNCTION = YES;
				GCC_WARN_UNUSED_VARIABLE = YES;
				IPHONEOS_DEPLOYMENT_TARGET = 15.0;
				MTL_ENABLE_DEBUG_INFO = NO;
				MTL_FAST_MATH = YES;
				SDKROOT = iphoneos;
				SWIFT_COMPILATION_MODE = wholemodule;
				SWIFT_OPTIMIZATION_LEVEL = "-O";
				VALIDATE_PRODUCT = YES;
			};
			name = Release;
		};
		2C0E4DE5276B129900391CD1 /* Debug */ = {
			isa = XCBuildConfiguration;
			buildSettings = {
				ASSETCATALOG_COMPILER_APPICON_NAME = AppIcon;
				ASSETCATALOG_COMPILER_GLOBAL_ACCENT_COLOR_NAME = AccentColor;
				CODE_SIGN_STYLE = Automatic;
				CURRENT_PROJECT_VERSION = 1;
				GENERATE_INFOPLIST_FILE = YES;
				INFOPLIST_FILE = "BMI Calculator/Info.plist";
				INFOPLIST_KEY_CFBundleDisplayName = "BMI Calculator App";
				INFOPLIST_KEY_UIApplicationSupportsIndirectInputEvents = YES;
				INFOPLIST_KEY_UILaunchStoryboardName = LaunchScreen;
				INFOPLIST_KEY_UIMainStoryboardFile = Main;
				INFOPLIST_KEY_UISupportedInterfaceOrientations_iPad = "UIInterfaceOrientationPortrait UIInterfaceOrientationPortraitUpsideDown UIInterfaceOrientationLandscapeLeft UIInterfaceOrientationLandscapeRight";
				INFOPLIST_KEY_UISupportedInterfaceOrientations_iPhone = "UIInterfaceOrientationPortrait UIInterfaceOrientationLandscapeLeft UIInterfaceOrientationLandscapeRight";
				LD_RUNPATH_SEARCH_PATHS = (
					"$(inherited)",
					"@executable_path/Frameworks",
				);
				MARKETING_VERSION = 1.0;
				PRODUCT_BUNDLE_IDENTIFIER = "keshavdulal.BMI-Calculator";
				PRODUCT_NAME = "$(TARGET_NAME)";
				SWIFT_EMIT_LOC_STRINGS = YES;
				SWIFT_VERSION = 5.0;
				TARGETED_DEVICE_FAMILY = "1,2";
			};
			name = Debug;
		};
		2C0E4DE6276B129900391CD1 /* Release */ = {
			isa = XCBuildConfiguration;
			buildSettings = {
				ASSETCATALOG_COMPILER_APPICON_NAME = AppIcon;
				ASSETCATALOG_COMPILER_GLOBAL_ACCENT_COLOR_NAME = AccentColor;
				CODE_SIGN_STYLE = Automatic;
				CURRENT_PROJECT_VERSION = 1;
				GENERATE_INFOPLIST_FILE = YES;
				INFOPLIST_FILE = "BMI Calculator/Info.plist";
				INFOPLIST_KEY_CFBundleDisplayName = "BMI Calculator App";
				INFOPLIST_KEY_UIApplicationSupportsIndirectInputEvents = YES;
				INFOPLIST_KEY_UILaunchStoryboardName = LaunchScreen;
				INFOPLIST_KEY_UIMainStoryboardFile = Main;
				INFOPLIST_KEY_UISupportedInterfaceOrientations_iPad = "UIInterfaceOrientationPortrait UIInterfaceOrientationPortraitUpsideDown UIInterfaceOrientationLandscapeLeft UIInterfaceOrientationLandscapeRight";
				INFOPLIST_KEY_UISupportedInterfaceOrientations_iPhone = "UIInterfaceOrientationPortrait UIInterfaceOrientationLandscapeLeft UIInterfaceOrientationLandscapeRight";
				LD_RUNPATH_SEARCH_PATHS = (
					"$(inherited)",
					"@executable_path/Frameworks",
				);
				MARKETING_VERSION = 1.0;
				PRODUCT_BUNDLE_IDENTIFIER = "keshavdulal.BMI-Calculator";
				PRODUCT_NAME = "$(TARGET_NAME)";
				SWIFT_EMIT_LOC_STRINGS = YES;
				SWIFT_VERSION = 5.0;
				TARGETED_DEVICE_FAMILY = "1,2";
			};
			name = Release;
		};
		2C0E4DE8276B129900391CD1 /* Debug */ = {
			isa = XCBuildConfiguration;
			buildSettings = {
				ALWAYS_EMBED_SWIFT_STANDARD_LIBRARIES = YES;
				BUNDLE_LOADER = "$(TEST_HOST)";
				CODE_SIGN_STYLE = Automatic;
				CURRENT_PROJECT_VERSION = 1;
				GENERATE_INFOPLIST_FILE = YES;
				IPHONEOS_DEPLOYMENT_TARGET = 15.0;
				LD_RUNPATH_SEARCH_PATHS = (
					"$(inherited)",
					"@executable_path/Frameworks",
					"@loader_path/Frameworks",
				);
				MARKETING_VERSION = 1.0;
				PRODUCT_BUNDLE_IDENTIFIER = "keshavdulal.BMI-CalculatorTests";
				PRODUCT_NAME = "$(TARGET_NAME)";
				SWIFT_EMIT_LOC_STRINGS = NO;
				SWIFT_VERSION = 5.0;
				TARGETED_DEVICE_FAMILY = "1,2";
				TEST_HOST = "$(BUILT_PRODUCTS_DIR)/BMI Calculator.app/BMI Calculator";
			};
			name = Debug;
		};
		2C0E4DE9276B129900391CD1 /* Release */ = {
			isa = XCBuildConfiguration;
			buildSettings = {
				ALWAYS_EMBED_SWIFT_STANDARD_LIBRARIES = YES;
				BUNDLE_LOADER = "$(TEST_HOST)";
				CODE_SIGN_STYLE = Automatic;
				CURRENT_PROJECT_VERSION = 1;
				GENERATE_INFOPLIST_FILE = YES;
				IPHONEOS_DEPLOYMENT_TARGET = 15.0;
				LD_RUNPATH_SEARCH_PATHS = (
					"$(inherited)",
					"@executable_path/Frameworks",
					"@loader_path/Frameworks",
				);
				MARKETING_VERSION = 1.0;
				PRODUCT_BUNDLE_IDENTIFIER = "keshavdulal.BMI-CalculatorTests";
				PRODUCT_NAME = "$(TARGET_NAME)";
				SWIFT_EMIT_LOC_STRINGS = NO;
				SWIFT_VERSION = 5.0;
				TARGETED_DEVICE_FAMILY = "1,2";
				TEST_HOST = "$(BUILT_PRODUCTS_DIR)/BMI Calculator.app/BMI Calculator";
			};
			name = Release;
		};
		2C0E4DEB276B129900391CD1 /* Debug */ = {
			isa = XCBuildConfiguration;
			buildSettings = {
				ALWAYS_EMBED_SWIFT_STANDARD_LIBRARIES = YES;
				CODE_SIGN_STYLE = Automatic;
				CURRENT_PROJECT_VERSION = 1;
				GENERATE_INFOPLIST_FILE = YES;
				LD_RUNPATH_SEARCH_PATHS = (
					"$(inherited)",
					"@executable_path/Frameworks",
					"@loader_path/Frameworks",
				);
				MARKETING_VERSION = 1.0;
				PRODUCT_BUNDLE_IDENTIFIER = "keshavdulal.BMI-CalculatorUITests";
				PRODUCT_NAME = "$(TARGET_NAME)";
				SWIFT_EMIT_LOC_STRINGS = NO;
				SWIFT_VERSION = 5.0;
				TARGETED_DEVICE_FAMILY = "1,2";
				TEST_TARGET_NAME = "BMI Calculator";
			};
			name = Debug;
		};
		2C0E4DEC276B129900391CD1 /* Release */ = {
			isa = XCBuildConfiguration;
			buildSettings = {
				ALWAYS_EMBED_SWIFT_STANDARD_LIBRARIES = YES;
				CODE_SIGN_STYLE = Automatic;
				CURRENT_PROJECT_VERSION = 1;
				GENERATE_INFOPLIST_FILE = YES;
				LD_RUNPATH_SEARCH_PATHS = (
					"$(inherited)",
					"@executable_path/Frameworks",
					"@loader_path/Frameworks",
				);
				MARKETING_VERSION = 1.0;
				PRODUCT_BUNDLE_IDENTIFIER = "keshavdulal.BMI-CalculatorUITests";
				PRODUCT_NAME = "$(TARGET_NAME)";
				SWIFT_EMIT_LOC_STRINGS = NO;
				SWIFT_VERSION = 5.0;
				TARGETED_DEVICE_FAMILY = "1,2";
				TEST_TARGET_NAME = "BMI Calculator";
			};
			name = Release;
		};
/* End XCBuildConfiguration section */

/* Begin XCConfigurationList section */
		2C0E4DB5276B129700391CD1 /* Build configuration list for PBXProject "BMI Calculator" */ = {
			isa = XCConfigurationList;
			buildConfigurations = (
				2C0E4DE2276B129900391CD1 /* Debug */,
				2C0E4DE3276B129900391CD1 /* Release */,
			);
			defaultConfigurationIsVisible = 0;
			defaultConfigurationName = Release;
		};
		2C0E4DE4276B129900391CD1 /* Build configuration list for PBXNativeTarget "BMI Calculator" */ = {
			isa = XCConfigurationList;
			buildConfigurations = (
				2C0E4DE5276B129900391CD1 /* Debug */,
				2C0E4DE6276B129900391CD1 /* Release */,
			);
			defaultConfigurationIsVisible = 0;
			defaultConfigurationName = Release;
		};
		2C0E4DE7276B129900391CD1 /* Build configuration list for PBXNativeTarget "BMI CalculatorTests" */ = {
			isa = XCConfigurationList;
			buildConfigurations = (
				2C0E4DE8276B129900391CD1 /* Debug */,
				2C0E4DE9276B129900391CD1 /* Release */,
			);
			defaultConfigurationIsVisible = 0;
			defaultConfigurationName = Release;
		};
		2C0E4DEA276B129900391CD1 /* Build configuration list for PBXNativeTarget "BMI CalculatorUITests" */ = {
			isa = XCConfigurationList;
			buildConfigurations = (
				2C0E4DEB276B129900391CD1 /* Debug */,
				2C0E4DEC276B129900391CD1 /* Release */,
			);
			defaultConfigurationIsVisible = 0;
			defaultConfigurationName = Release;
		};
/* End XCConfigurationList section */
	};
	rootObject = 2C0E4DB2276B129700391CD1 /* Project object */;
}
